<?xml version="1.0" encoding="utf-8"?>
<Project ToolsVersion="4.0" xmlns="http://schemas.microsoft.com/developer/msbuild/2003">
  <ItemGroup>
    <Filter Include="Vectin">
      <UniqueIdentifier>{AE9AD6D7-9A3C-01AE-83F7-14026F3888FE}</UniqueIdentifier>
    </Filter>
  </ItemGroup>
  <ItemGroup>
    <ClInclude Include="src\Vectin.h" />
    <ClInclude Include="src\Vectin\Application.h">
      <Filter>Vectin</Filter>
    </ClInclude>
    <ClInclude Include="src\Vectin\Core.h">
      <Filter>Vectin</Filter>
    </ClInclude>
    <ClInclude Include="src\Vectin\EntryPoint.h">
      <Filter>Vectin</Filter>
    </ClInclude>
    <ClInclude Include="src\Vectin\Log.h">
      <Filter>Vectin</Filter>
    </ClInclude>
  </ItemGroup>
  <ItemGroup>
    <ClCompile Include="src\Vectin\Application.cpp">
      <Filter>Vectin</Filter>
    </ClCompile>
    <ClCompile Include="src\Vectin\Log.cpp">
      <Filter>Vectin</Filter>
    </ClCompile>
  </ItemGroup>
</Project>