<?xml version="1.0" encoding="utf-8"?>
<Project ToolsVersion="4.0" xmlns="http://schemas.microsoft.com/developer/msbuild/2003">
  <ItemGroup>
    <Filter Include="Vectin">
      <UniqueIdentifier>{AE9AD6D7-9A3C-01AE-83F7-14026F3888FE}</UniqueIdentifier>
    </Filter>
    <Filter Include="Vectin\Events">
      <UniqueIdentifier>{D2B659E5-3E77-D51B-07B2-1E9973311AF8}</UniqueIdentifier>
    </Filter>
  </ItemGroup>
  <ItemGroup>
    <ClInclude Include="src\Vectin.h" />
    <ClInclude Include="src\Vectin\Application.h">
      <Filter>Vectin</Filter>
    </ClInclude>
    <ClInclude Include="src\Vectin\Core.h">
      <Filter>Vectin</Filter>
    </ClInclude>
    <ClInclude Include="src\Vectin\EntryPoint.h">
      <Filter>Vectin</Filter>
    </ClInclude>
    <ClInclude Include="src\Vectin\Events\ApplicationEvent.h">
      <Filter>Vectin\Events</Filter>
    </ClInclude>
    <ClInclude Include="src\Vectin\Events\Event.h">
      <Filter>Vectin\Events</Filter>
    </ClInclude>
    <ClInclude Include="src\Vectin\Events\KeyEvent.h">
      <Filter>Vectin\Events</Filter>
    </ClInclude>
    <ClInclude Include="src\Vectin\Events\MouseEvent.h">
      <Filter>Vectin\Events</Filter>
    </ClInclude>
    <ClInclude Include="src\Vectin\Log.h">
      <Filter>Vectin</Filter>
    </ClInclude>
    <ClInclude Include="src\vnpch.h" />
  </ItemGroup>
  <ItemGroup>
    <ClCompile Include="src\Vectin\Application.cpp">
      <Filter>Vectin</Filter>
    </ClCompile>
    <ClCompile Include="src\Vectin\Log.cpp">
      <Filter>Vectin</Filter>
    </ClCompile>
    <ClCompile Include="src\vnpch.cpp" />
  </ItemGroup>
</Project>